
Microsoft Visual Studio Solution File, Format Version 12.00
# Visual Studio Version 17
VisualStudioVersion = 17.9.34622.214
MinimumVisualStudioVersion = 10.0.40219.1
Project("{FAE04EC0-301F-11D3-BF4B-00C04F79EFBC}") = "Frontend-B", "Frontend-B\Frontend-B\Frontend-B.csproj", "{888C2676-E7F1-4E17-A13E-3DA0F0CFA652}"
EndProject
Project("{FAE04EC0-301F-11D3-BF4B-00C04F79EFBC}") = "Frontend-B.Client", "Frontend-B\Frontend-B.Client\Frontend-B.Client.csproj", "{3F353F9A-50DF-4D0F-8070-DE702AFFF38C}"
EndProject
Global
	GlobalSection(SolutionConfigurationPlatforms) = preSolution
		Debug|Any CPU = Debug|Any CPU
		Release|Any CPU = Release|Any CPU
	EndGlobalSection
	GlobalSection(ProjectConfigurationPlatforms) = postSolution
		{888C2676-E7F1-4E17-A13E-3DA0F0CFA652}.Debug|Any CPU.ActiveCfg = Debug|Any CPU
		{888C2676-E7F1-4E17-A13E-3DA0F0CFA652}.Debug|Any CPU.Build.0 = Debug|Any CPU
		{888C2676-E7F1-4E17-A13E-3DA0F0CFA652}.Release|Any CPU.ActiveCfg = Release|Any CPU
		{888C2676-E7F1-4E17-A13E-3DA0F0CFA652}.Release|Any CPU.Build.0 = Release|Any CPU
		{3F353F9A-50DF-4D0F-8070-DE702AFFF38C}.Debug|Any CPU.ActiveCfg = Debug|Any CPU
		{3F353F9A-50DF-4D0F-8070-DE702AFFF38C}.Debug|Any CPU.Build.0 = Debug|Any CPU
		{3F353F9A-50DF-4D0F-8070-DE702AFFF38C}.Release|Any CPU.ActiveCfg = Release|Any CPU
		{3F353F9A-50DF-4D0F-8070-DE702AFFF38C}.Release|Any CPU.Build.0 = Release|Any CPU
	EndGlobalSection
	GlobalSection(SolutionProperties) = preSolution
		HideSolutionNode = FALSE
	EndGlobalSection
	GlobalSection(ExtensibilityGlobals) = postSolution
		SolutionGuid = {E9888173-5356-4E9F-88D4-2FF176BAEAB1}
	EndGlobalSection
EndGlobal
